// !$*UTF8*$!
{
	archiveVersion = 1;
	classes = {
	};
	objectVersion = 51;
	objects = {

/* Begin PBXBuildFile section */
		021058A83D2DED5A53886DAA /* Pods_MultiTranslate.framework in Frameworks */ = {isa = PBXBuildFile; fileRef = FA0368F9DF73C9350661AAA8 /* Pods_MultiTranslate.framework */; };
		0527CE27504C48AA82D2AB57 /* amplifyconfiguration.json in Resources */ = {isa = PBXBuildFile; fileRef = 09EFDA43BB77410DA9EAFA73 /* amplifyconfiguration.json */; };
		8003E2DB23CB24CD00268D35 /* ConversationTranslateViewController.swift in Sources */ = {isa = PBXBuildFile; fileRef = 8003E2DA23CB24CD00268D35 /* ConversationTranslateViewController.swift */; };
		8014E75E23ED2C8C00793258 /* TranslateType.swift in Sources */ = {isa = PBXBuildFile; fileRef = 8014E75D23ED2C8C00793258 /* TranslateType.swift */; };
		801CA5CB23FD183F00C5285C /* SubscritionPlanTableViewCell.swift in Sources */ = {isa = PBXBuildFile; fileRef = 801CA5CA23FD183F00C5285C /* SubscritionPlanTableViewCell.swift */; };
		80207718240F6C7C00F604E5 /* ARViewController.swift in Sources */ = {isa = PBXBuildFile; fileRef = 80207717240F6C7C00F604E5 /* ARViewController.swift */; };
		8020771A240F6CEB00F604E5 /* Inceptionv3.mlmodel in Sources */ = {isa = PBXBuildFile; fileRef = 80207719240F6CEB00F604E5 /* Inceptionv3.mlmodel */; };
		80293EEE23C9C2C100E33096 /* SourceTextInputDelegate.swift in Sources */ = {isa = PBXBuildFile; fileRef = 80293EED23C9C2C100E33096 /* SourceTextInputDelegate.swift */; };
		8037C0CD23E0FBB000DD3B09 /* CloudKit.framework in Frameworks */ = {isa = PBXBuildFile; fileRef = 8037C0CC23E0FBB000DD3B09 /* CloudKit.framework */; };
		8037C0CF23E1002800DD3B09 /* StoreKit.framework in Frameworks */ = {isa = PBXBuildFile; fileRef = 8037C0CE23E1002800DD3B09 /* StoreKit.framework */; };
		8037C0D123E1295D00DD3B09 /* CloudKitManager.swift in Sources */ = {isa = PBXBuildFile; fileRef = 8037C0D023E1295D00DD3B09 /* CloudKitManager.swift */; };
		803A5DF823CFDB2F00AC4D12 /* ConversationCell.swift in Sources */ = {isa = PBXBuildFile; fileRef = 803A5DF723CFDB2F00AC4D12 /* ConversationCell.swift */; };
		803C9CDA23DE578E00FCA145 /* AccountViewController.swift in Sources */ = {isa = PBXBuildFile; fileRef = 803C9CD923DE578E00FCA145 /* AccountViewController.swift */; };
		803C9CDC23DE6BEB00FCA145 /* InAppPurchaseManager.swift in Sources */ = {isa = PBXBuildFile; fileRef = 803C9CDB23DE6BEB00FCA145 /* InAppPurchaseManager.swift */; };
		803E269D2408996A00DF5DF6 /* PMAlertController.xib in Resources */ = {isa = PBXBuildFile; fileRef = 803E269A2408996A00DF5DF6 /* PMAlertController.xib */; };
		803E269E2408996A00DF5DF6 /* PMAlertAction.swift in Sources */ = {isa = PBXBuildFile; fileRef = 803E269B2408996A00DF5DF6 /* PMAlertAction.swift */; };
		803E269F2408996A00DF5DF6 /* PMAlertController.swift in Sources */ = {isa = PBXBuildFile; fileRef = 803E269C2408996A00DF5DF6 /* PMAlertController.swift */; };
		8052A1B823C2A24400883123 /* AppDelegate.swift in Sources */ = {isa = PBXBuildFile; fileRef = 8052A1B723C2A24400883123 /* AppDelegate.swift */; };
		8052A1BA23C2A24400883123 /* SceneDelegate.swift in Sources */ = {isa = PBXBuildFile; fileRef = 8052A1B923C2A24400883123 /* SceneDelegate.swift */; };
		8052A1BF23C2A24400883123 /* Main.storyboard in Resources */ = {isa = PBXBuildFile; fileRef = 8052A1BD23C2A24400883123 /* Main.storyboard */; };
		8052A1C123C2A24500883123 /* Assets.xcassets in Resources */ = {isa = PBXBuildFile; fileRef = 8052A1C023C2A24500883123 /* Assets.xcassets */; };
		8052A1C423C2A24500883123 /* LaunchScreen.storyboard in Resources */ = {isa = PBXBuildFile; fileRef = 8052A1C223C2A24500883123 /* LaunchScreen.storyboard */; };
		8052A1CC23C2DCDC00883123 /* TranslationViewController.swift in Sources */ = {isa = PBXBuildFile; fileRef = 8052A1CB23C2DCDC00883123 /* TranslationViewController.swift */; };
		8052A1CE23C2DFC000883123 /* Extensions.swift in Sources */ = {isa = PBXBuildFile; fileRef = 8052A1CD23C2DFC000883123 /* Extensions.swift */; };
		8052A1D023C2E03800883123 /* IconPagingCell.swift in Sources */ = {isa = PBXBuildFile; fileRef = 8052A1CF23C2E03800883123 /* IconPagingCell.swift */; };
		8052A1D623C2F65F00883123 /* IconItem.swift in Sources */ = {isa = PBXBuildFile; fileRef = 8052A1D523C2F65F00883123 /* IconItem.swift */; };
		8052A1D823C2FD9600883123 /* TextTranslateViewController.swift in Sources */ = {isa = PBXBuildFile; fileRef = 8052A1D723C2FD9600883123 /* TextTranslateViewController.swift */; };
		8052A1DA23C2FDA800883123 /* CameraTranslateViewController.swift in Sources */ = {isa = PBXBuildFile; fileRef = 8052A1D923C2FDA800883123 /* CameraTranslateViewController.swift */; };
		8052A1DC23C2FDBF00883123 /* VoiceTranslateViewController.swift in Sources */ = {isa = PBXBuildFile; fileRef = 8052A1DB23C2FDBF00883123 /* VoiceTranslateViewController.swift */; };
		8052A1DE23C2FDCB00883123 /* ARTranslateViewController.swift in Sources */ = {isa = PBXBuildFile; fileRef = 8052A1DD23C2FDCB00883123 /* ARTranslateViewController.swift */; };
		8052A1E023C2FDE400883123 /* PDFTranslateViewController.swift in Sources */ = {isa = PBXBuildFile; fileRef = 8052A1DF23C2FDE400883123 /* PDFTranslateViewController.swift */; };
		8052A1E223C2FDF200883123 /* ImageTranslateViewController.swift in Sources */ = {isa = PBXBuildFile; fileRef = 8052A1E123C2FDF200883123 /* ImageTranslateViewController.swift */; };
		805733BB241BBCD40018C73F /* AdSupport.framework in Frameworks */ = {isa = PBXBuildFile; fileRef = 805733BA241BBCD40018C73F /* AdSupport.framework */; };
		805733BD241BC26C0018C73F /* ICloudUserIDProvider.swift in Sources */ = {isa = PBXBuildFile; fileRef = 805733BC241BC26C0018C73F /* ICloudUserIDProvider.swift */; };
		805AB0D523DD997800215415 /* InAppPurchaseProduct.swift in Sources */ = {isa = PBXBuildFile; fileRef = 805AB0D423DD997800215415 /* InAppPurchaseProduct.swift */; };
		805AB0D723DD9B1D00215415 /* GoogleService-Info.plist in Resources */ = {isa = PBXBuildFile; fileRef = 805AB0D623DD9B1D00215415 /* GoogleService-Info.plist */; };
		806052EC23F5382700C58BC3 /* FBLanguageTableViewController.swift in Sources */ = {isa = PBXBuildFile; fileRef = 806052EB23F5382700C58BC3 /* FBLanguageTableViewController.swift */; };
		806052EE23F5550900C58BC3 /* FBOfflineTranslate.swift in Sources */ = {isa = PBXBuildFile; fileRef = 806052ED23F5550900C58BC3 /* FBOfflineTranslate.swift */; };
		806482DF23F63387006BBDD5 /* FBLanguageTableViewCell.swift in Sources */ = {isa = PBXBuildFile; fileRef = 806482DE23F63387006BBDD5 /* FBLanguageTableViewCell.swift */; };
		806482E123F6A7C5006BBDD5 /* NotificationNameExtension.swift in Sources */ = {isa = PBXBuildFile; fileRef = 806482E023F6A7C5006BBDD5 /* NotificationNameExtension.swift */; };
		8078D1D923D6C71E007FAF85 /* SavedTranslationsTableViewController.swift in Sources */ = {isa = PBXBuildFile; fileRef = 8078D1D823D6C71E007FAF85 /* SavedTranslationsTableViewController.swift */; };
		8078D1DB23D6C8A3007FAF85 /* SavedTranslationsTableViewCell.swift in Sources */ = {isa = PBXBuildFile; fileRef = 8078D1DA23D6C8A3007FAF85 /* SavedTranslationsTableViewCell.swift */; };
		8078D1DD23D6EE61007FAF85 /* SavedTranslation.swift in Sources */ = {isa = PBXBuildFile; fileRef = 8078D1DC23D6EE61007FAF85 /* SavedTranslation.swift */; };
		807AECB423D5665800EE2569 /* GoogleCloudTranslate.swift in Sources */ = {isa = PBXBuildFile; fileRef = 807AECB323D5665800EE2569 /* GoogleCloudTranslate.swift */; };
		807B489323C95C5200A588F3 /* SCSiriWaveformView.m in Sources */ = {isa = PBXBuildFile; fileRef = 807B489123C95C5200A588F3 /* SCSiriWaveformView.m */; };
		808E75EB23C43718009A0EB4 /* Stack.swift in Sources */ = {isa = PBXBuildFile; fileRef = 808E75E823C43718009A0EB4 /* Stack.swift */; };
		808E75EC23C43718009A0EB4 /* UIView+.swift in Sources */ = {isa = PBXBuildFile; fileRef = 808E75E923C43718009A0EB4 /* UIView+.swift */; };
		808E75ED23C43718009A0EB4 /* UIStackView+.swift in Sources */ = {isa = PBXBuildFile; fileRef = 808E75EA23C43718009A0EB4 /* UIStackView+.swift */; };
		808E75EF23C45F90009A0EB4 /* LanguagePickerViewController.swift in Sources */ = {isa = PBXBuildFile; fileRef = 808E75EE23C45F90009A0EB4 /* LanguagePickerViewController.swift */; };
		809455B023E7E88A0056A501 /* PurchasePageViewController.swift in Sources */ = {isa = PBXBuildFile; fileRef = 809455AF23E7E88A0056A501 /* PurchasePageViewController.swift */; };
		80A403D623FF650100E84231 /* AboutSubscriptionViewController.swift in Sources */ = {isa = PBXBuildFile; fileRef = 80A403D523FF650100E84231 /* AboutSubscriptionViewController.swift */; };
		80A403D823FF652E00E84231 /* TermsOfUseViewController.swift in Sources */ = {isa = PBXBuildFile; fileRef = 80A403D723FF652E00E84231 /* TermsOfUseViewController.swift */; };
		80A403DA23FF655400E84231 /* PrivacyPolicyViewController.swift in Sources */ = {isa = PBXBuildFile; fileRef = 80A403D923FF655400E84231 /* PrivacyPolicyViewController.swift */; };
		80A403DD23FFA70800E84231 /* SwiftyInnerShadowView.swift in Sources */ = {isa = PBXBuildFile; fileRef = 80A403DB23FFA70800E84231 /* SwiftyInnerShadowView.swift */; };
		80A403DE23FFA70800E84231 /* SwiftyInnerShadowLayer.swift in Sources */ = {isa = PBXBuildFile; fileRef = 80A403DC23FFA70800E84231 /* SwiftyInnerShadowLayer.swift */; };
		80A7331023C951C400438ED5 /* VoiceRecorderViewController.swift in Sources */ = {isa = PBXBuildFile; fileRef = 80A7330F23C951C400438ED5 /* VoiceRecorderViewController.swift */; };
		80BDB6A823CF3EDA00F81D40 /* Conversation.swift in Sources */ = {isa = PBXBuildFile; fileRef = 80BDB6A723CF3EDA00F81D40 /* Conversation.swift */; };
		80C535C923C56A530044D6F0 /* Constants.swift in Sources */ = {isa = PBXBuildFile; fileRef = 80C535C823C56A530044D6F0 /* Constants.swift */; };
		80C535CB23C572CD0044D6F0 /* LanguagePickerDelegate.swift in Sources */ = {isa = PBXBuildFile; fileRef = 80C535CA23C572CD0044D6F0 /* LanguagePickerDelegate.swift */; };
		80C8683E241FA7680030418F /* Localizable.strings in Resources */ = {isa = PBXBuildFile; fileRef = 80C8683C241FA7670030418F /* Localizable.strings */; };
		80CAB17D2419D0C900133B25 /* TranslatedCharacterCount.swift in Sources */ = {isa = PBXBuildFile; fileRef = 80CAB17C2419D0C900133B25 /* TranslatedCharacterCount.swift */; };
		80D844AC23F287BD003D0C8C /* SettingTableViewController.swift in Sources */ = {isa = PBXBuildFile; fileRef = 80D844AB23F287BD003D0C8C /* SettingTableViewController.swift */; };
		80DB054423EAABD9003DE94D /* SupportedLanguages.swift in Sources */ = {isa = PBXBuildFile; fileRef = 80DB054323EAABD9003DE94D /* SupportedLanguages.swift */; };
		80FE80F524062CEE00CC70DF /* NoSelectTextView.swift in Sources */ = {isa = PBXBuildFile; fileRef = 80FE80F424062CEE00CC70DF /* NoSelectTextView.swift */; };
		CB5C3A3FE63745719E73ED9A /* awsconfiguration.json in Resources */ = {isa = PBXBuildFile; fileRef = 7A32ED9C279B46E2913F1257 /* awsconfiguration.json */; };
/* End PBXBuildFile section */

/* Begin PBXFileReference section */
		09EFDA43BB77410DA9EAFA73 /* amplifyconfiguration.json */ = {isa = PBXFileReference; explicitFileType = undefined; fileEncoding = 9; includeInIndex = 0; lastKnownFileType = unknown; name = amplifyconfiguration.json; path = ./amplifyconfiguration.json; sourceTree = "<group>"; };
		1F63226C5F2648CDBB6CE5C9 /* Pods-MultiTranslate.debug.xcconfig */ = {isa = PBXFileReference; includeInIndex = 1; lastKnownFileType = text.xcconfig; name = "Pods-MultiTranslate.debug.xcconfig"; path = "Target Support Files/Pods-MultiTranslate/Pods-MultiTranslate.debug.xcconfig"; sourceTree = "<group>"; };
		7A32ED9C279B46E2913F1257 /* awsconfiguration.json */ = {isa = PBXFileReference; explicitFileType = undefined; fileEncoding = 9; includeInIndex = 0; lastKnownFileType = unknown; name = awsconfiguration.json; path = ./awsconfiguration.json; sourceTree = "<group>"; };
		8003E2DA23CB24CD00268D35 /* ConversationTranslateViewController.swift */ = {isa = PBXFileReference; lastKnownFileType = sourcecode.swift; path = ConversationTranslateViewController.swift; sourceTree = "<group>"; };
		8014E75D23ED2C8C00793258 /* TranslateType.swift */ = {isa = PBXFileReference; lastKnownFileType = sourcecode.swift; path = TranslateType.swift; sourceTree = "<group>"; };
		801CA5CA23FD183F00C5285C /* SubscritionPlanTableViewCell.swift */ = {isa = PBXFileReference; lastKnownFileType = sourcecode.swift; path = SubscritionPlanTableViewCell.swift; sourceTree = "<group>"; };
		80207717240F6C7C00F604E5 /* ARViewController.swift */ = {isa = PBXFileReference; fileEncoding = 4; lastKnownFileType = sourcecode.swift; path = ARViewController.swift; sourceTree = "<group>"; };
		80207719240F6CEB00F604E5 /* Inceptionv3.mlmodel */ = {isa = PBXFileReference; lastKnownFileType = file.mlmodel; path = Inceptionv3.mlmodel; sourceTree = "<group>"; };
		80293EED23C9C2C100E33096 /* SourceTextInputDelegate.swift */ = {isa = PBXFileReference; lastKnownFileType = sourcecode.swift; path = SourceTextInputDelegate.swift; sourceTree = "<group>"; };
		8037C0CB23E0FBAA00DD3B09 /* MultiTranslate.entitlements */ = {isa = PBXFileReference; lastKnownFileType = text.plist.entitlements; path = MultiTranslate.entitlements; sourceTree = "<group>"; };
		8037C0CC23E0FBB000DD3B09 /* CloudKit.framework */ = {isa = PBXFileReference; lastKnownFileType = wrapper.framework; name = CloudKit.framework; path = System/Library/Frameworks/CloudKit.framework; sourceTree = SDKROOT; };
		8037C0CE23E1002800DD3B09 /* StoreKit.framework */ = {isa = PBXFileReference; lastKnownFileType = wrapper.framework; name = StoreKit.framework; path = System/Library/Frameworks/StoreKit.framework; sourceTree = SDKROOT; };
		8037C0D023E1295D00DD3B09 /* CloudKitManager.swift */ = {isa = PBXFileReference; lastKnownFileType = sourcecode.swift; path = CloudKitManager.swift; sourceTree = "<group>"; };
		803A5DF723CFDB2F00AC4D12 /* ConversationCell.swift */ = {isa = PBXFileReference; lastKnownFileType = sourcecode.swift; path = ConversationCell.swift; sourceTree = "<group>"; };
		803C9CD923DE578E00FCA145 /* AccountViewController.swift */ = {isa = PBXFileReference; lastKnownFileType = sourcecode.swift; path = AccountViewController.swift; sourceTree = "<group>"; };
		803C9CDB23DE6BEB00FCA145 /* InAppPurchaseManager.swift */ = {isa = PBXFileReference; lastKnownFileType = sourcecode.swift; path = InAppPurchaseManager.swift; sourceTree = "<group>"; };
		803E269A2408996A00DF5DF6 /* PMAlertController.xib */ = {isa = PBXFileReference; fileEncoding = 4; lastKnownFileType = file.xib; path = PMAlertController.xib; sourceTree = "<group>"; };
		803E269B2408996A00DF5DF6 /* PMAlertAction.swift */ = {isa = PBXFileReference; fileEncoding = 4; lastKnownFileType = sourcecode.swift; path = PMAlertAction.swift; sourceTree = "<group>"; };
		803E269C2408996A00DF5DF6 /* PMAlertController.swift */ = {isa = PBXFileReference; fileEncoding = 4; lastKnownFileType = sourcecode.swift; path = PMAlertController.swift; sourceTree = "<group>"; };
		8052A1B423C2A24400883123 /* MultiTranslate.app */ = {isa = PBXFileReference; explicitFileType = wrapper.application; includeInIndex = 0; path = MultiTranslate.app; sourceTree = BUILT_PRODUCTS_DIR; };
		8052A1B723C2A24400883123 /* AppDelegate.swift */ = {isa = PBXFileReference; lastKnownFileType = sourcecode.swift; path = AppDelegate.swift; sourceTree = "<group>"; };
		8052A1B923C2A24400883123 /* SceneDelegate.swift */ = {isa = PBXFileReference; lastKnownFileType = sourcecode.swift; path = SceneDelegate.swift; sourceTree = "<group>"; };
		8052A1BE23C2A24400883123 /* Base */ = {isa = PBXFileReference; lastKnownFileType = file.storyboard; name = Base; path = Base.lproj/Main.storyboard; sourceTree = "<group>"; };
		8052A1C023C2A24500883123 /* Assets.xcassets */ = {isa = PBXFileReference; lastKnownFileType = folder.assetcatalog; path = Assets.xcassets; sourceTree = "<group>"; };
		8052A1C323C2A24500883123 /* Base */ = {isa = PBXFileReference; lastKnownFileType = file.storyboard; name = Base; path = Base.lproj/LaunchScreen.storyboard; sourceTree = "<group>"; };
		8052A1C523C2A24500883123 /* Info.plist */ = {isa = PBXFileReference; lastKnownFileType = text.plist.xml; path = Info.plist; sourceTree = "<group>"; };
		8052A1CB23C2DCDC00883123 /* TranslationViewController.swift */ = {isa = PBXFileReference; lastKnownFileType = sourcecode.swift; path = TranslationViewController.swift; sourceTree = "<group>"; };
		8052A1CD23C2DFC000883123 /* Extensions.swift */ = {isa = PBXFileReference; lastKnownFileType = sourcecode.swift; path = Extensions.swift; sourceTree = "<group>"; };
		8052A1CF23C2E03800883123 /* IconPagingCell.swift */ = {isa = PBXFileReference; lastKnownFileType = sourcecode.swift; path = IconPagingCell.swift; sourceTree = "<group>"; };
		8052A1D523C2F65F00883123 /* IconItem.swift */ = {isa = PBXFileReference; lastKnownFileType = sourcecode.swift; path = IconItem.swift; sourceTree = "<group>"; };
		8052A1D723C2FD9600883123 /* TextTranslateViewController.swift */ = {isa = PBXFileReference; lastKnownFileType = sourcecode.swift; path = TextTranslateViewController.swift; sourceTree = "<group>"; };
		8052A1D923C2FDA800883123 /* CameraTranslateViewController.swift */ = {isa = PBXFileReference; lastKnownFileType = sourcecode.swift; path = CameraTranslateViewController.swift; sourceTree = "<group>"; };
		8052A1DB23C2FDBF00883123 /* VoiceTranslateViewController.swift */ = {isa = PBXFileReference; lastKnownFileType = sourcecode.swift; path = VoiceTranslateViewController.swift; sourceTree = "<group>"; };
		8052A1DD23C2FDCB00883123 /* ARTranslateViewController.swift */ = {isa = PBXFileReference; lastKnownFileType = sourcecode.swift; path = ARTranslateViewController.swift; sourceTree = "<group>"; };
		8052A1DF23C2FDE400883123 /* PDFTranslateViewController.swift */ = {isa = PBXFileReference; lastKnownFileType = sourcecode.swift; path = PDFTranslateViewController.swift; sourceTree = "<group>"; };
		8052A1E123C2FDF200883123 /* ImageTranslateViewController.swift */ = {isa = PBXFileReference; lastKnownFileType = sourcecode.swift; path = ImageTranslateViewController.swift; sourceTree = "<group>"; };
		805733BA241BBCD40018C73F /* AdSupport.framework */ = {isa = PBXFileReference; lastKnownFileType = wrapper.framework; name = AdSupport.framework; path = System/Library/Frameworks/AdSupport.framework; sourceTree = SDKROOT; };
		805733BC241BC26C0018C73F /* ICloudUserIDProvider.swift */ = {isa = PBXFileReference; lastKnownFileType = sourcecode.swift; path = ICloudUserIDProvider.swift; sourceTree = "<group>"; };
		805AB0D423DD997800215415 /* InAppPurchaseProduct.swift */ = {isa = PBXFileReference; lastKnownFileType = sourcecode.swift; path = InAppPurchaseProduct.swift; sourceTree = "<group>"; };
		805AB0D623DD9B1D00215415 /* GoogleService-Info.plist */ = {isa = PBXFileReference; lastKnownFileType = text.plist; path = "GoogleService-Info.plist"; sourceTree = SOURCE_ROOT; };
		806052EB23F5382700C58BC3 /* FBLanguageTableViewController.swift */ = {isa = PBXFileReference; lastKnownFileType = sourcecode.swift; path = FBLanguageTableViewController.swift; sourceTree = "<group>"; };
		806052ED23F5550900C58BC3 /* FBOfflineTranslate.swift */ = {isa = PBXFileReference; lastKnownFileType = sourcecode.swift; path = FBOfflineTranslate.swift; sourceTree = "<group>"; };
		806482DE23F63387006BBDD5 /* FBLanguageTableViewCell.swift */ = {isa = PBXFileReference; lastKnownFileType = sourcecode.swift; path = FBLanguageTableViewCell.swift; sourceTree = "<group>"; };
		806482E023F6A7C5006BBDD5 /* NotificationNameExtension.swift */ = {isa = PBXFileReference; lastKnownFileType = sourcecode.swift; path = NotificationNameExtension.swift; sourceTree = "<group>"; };
		8078D1D823D6C71E007FAF85 /* SavedTranslationsTableViewController.swift */ = {isa = PBXFileReference; lastKnownFileType = sourcecode.swift; path = SavedTranslationsTableViewController.swift; sourceTree = "<group>"; };
		8078D1DA23D6C8A3007FAF85 /* SavedTranslationsTableViewCell.swift */ = {isa = PBXFileReference; lastKnownFileType = sourcecode.swift; path = SavedTranslationsTableViewCell.swift; sourceTree = "<group>"; };
		8078D1DC23D6EE61007FAF85 /* SavedTranslation.swift */ = {isa = PBXFileReference; lastKnownFileType = sourcecode.swift; path = SavedTranslation.swift; sourceTree = "<group>"; };
		807AECB323D5665800EE2569 /* GoogleCloudTranslate.swift */ = {isa = PBXFileReference; lastKnownFileType = sourcecode.swift; path = GoogleCloudTranslate.swift; sourceTree = "<group>"; };
		807B489023C95C5200A588F3 /* MultiTranslate-Bridging-Header.h */ = {isa = PBXFileReference; lastKnownFileType = sourcecode.c.h; path = "MultiTranslate-Bridging-Header.h"; sourceTree = "<group>"; };
		807B489123C95C5200A588F3 /* SCSiriWaveformView.m */ = {isa = PBXFileReference; fileEncoding = 4; lastKnownFileType = sourcecode.c.objc; path = SCSiriWaveformView.m; sourceTree = "<group>"; };
		807B489223C95C5200A588F3 /* SCSiriWaveformView.h */ = {isa = PBXFileReference; fileEncoding = 4; lastKnownFileType = sourcecode.c.h; path = SCSiriWaveformView.h; sourceTree = "<group>"; };
		808E75E823C43718009A0EB4 /* Stack.swift */ = {isa = PBXFileReference; fileEncoding = 4; lastKnownFileType = sourcecode.swift; path = Stack.swift; sourceTree = "<group>"; };
		808E75E923C43718009A0EB4 /* UIView+.swift */ = {isa = PBXFileReference; fileEncoding = 4; lastKnownFileType = sourcecode.swift; path = "UIView+.swift"; sourceTree = "<group>"; };
		808E75EA23C43718009A0EB4 /* UIStackView+.swift */ = {isa = PBXFileReference; fileEncoding = 4; lastKnownFileType = sourcecode.swift; path = "UIStackView+.swift"; sourceTree = "<group>"; };
		808E75EE23C45F90009A0EB4 /* LanguagePickerViewController.swift */ = {isa = PBXFileReference; lastKnownFileType = sourcecode.swift; path = LanguagePickerViewController.swift; sourceTree = "<group>"; };
		809455AF23E7E88A0056A501 /* PurchasePageViewController.swift */ = {isa = PBXFileReference; lastKnownFileType = sourcecode.swift; path = PurchasePageViewController.swift; sourceTree = "<group>"; };
		80A403D523FF650100E84231 /* AboutSubscriptionViewController.swift */ = {isa = PBXFileReference; lastKnownFileType = sourcecode.swift; path = AboutSubscriptionViewController.swift; sourceTree = "<group>"; };
		80A403D723FF652E00E84231 /* TermsOfUseViewController.swift */ = {isa = PBXFileReference; lastKnownFileType = sourcecode.swift; path = TermsOfUseViewController.swift; sourceTree = "<group>"; };
		80A403D923FF655400E84231 /* PrivacyPolicyViewController.swift */ = {isa = PBXFileReference; lastKnownFileType = sourcecode.swift; path = PrivacyPolicyViewController.swift; sourceTree = "<group>"; };
		80A403DB23FFA70800E84231 /* SwiftyInnerShadowView.swift */ = {isa = PBXFileReference; fileEncoding = 4; lastKnownFileType = sourcecode.swift; path = SwiftyInnerShadowView.swift; sourceTree = "<group>"; };
		80A403DC23FFA70800E84231 /* SwiftyInnerShadowLayer.swift */ = {isa = PBXFileReference; fileEncoding = 4; lastKnownFileType = sourcecode.swift; path = SwiftyInnerShadowLayer.swift; sourceTree = "<group>"; };
		80A7330F23C951C400438ED5 /* VoiceRecorderViewController.swift */ = {isa = PBXFileReference; lastKnownFileType = sourcecode.swift; path = VoiceRecorderViewController.swift; sourceTree = "<group>"; };
		80BDB6A723CF3EDA00F81D40 /* Conversation.swift */ = {isa = PBXFileReference; lastKnownFileType = sourcecode.swift; path = Conversation.swift; sourceTree = "<group>"; };
		80C535C823C56A530044D6F0 /* Constants.swift */ = {isa = PBXFileReference; lastKnownFileType = sourcecode.swift; path = Constants.swift; sourceTree = "<group>"; };
		80C535CA23C572CD0044D6F0 /* LanguagePickerDelegate.swift */ = {isa = PBXFileReference; lastKnownFileType = sourcecode.swift; path = LanguagePickerDelegate.swift; sourceTree = "<group>"; };
		80C8683D241FA7670030418F /* id */ = {isa = PBXFileReference; lastKnownFileType = text.plist.strings; name = id; path = id.lproj/Localizable.strings; sourceTree = "<group>"; };
		80C8683F241FA7820030418F /* fi */ = {isa = PBXFileReference; lastKnownFileType = text.plist.strings; name = fi; path = fi.lproj/Localizable.strings; sourceTree = "<group>"; };
		80C86840241FA7870030418F /* pl */ = {isa = PBXFileReference; lastKnownFileType = text.plist.strings; name = pl; path = pl.lproj/Localizable.strings; sourceTree = "<group>"; };
		80C86841241FA78E0030418F /* nb */ = {isa = PBXFileReference; lastKnownFileType = text.plist.strings; name = nb; path = nb.lproj/Localizable.strings; sourceTree = "<group>"; };
		80C86842241FA7960030418F /* vi */ = {isa = PBXFileReference; lastKnownFileType = text.plist.strings; name = vi; path = vi.lproj/Localizable.strings; sourceTree = "<group>"; };
		80C86843241FA79B0030418F /* da */ = {isa = PBXFileReference; lastKnownFileType = text.plist.strings; name = da; path = da.lproj/Localizable.strings; sourceTree = "<group>"; };
		80C86844241FA7A30030418F /* sv */ = {isa = PBXFileReference; lastKnownFileType = text.plist.strings; name = sv; path = sv.lproj/Localizable.strings; sourceTree = "<group>"; };
		80C86845241FA7A80030418F /* th */ = {isa = PBXFileReference; lastKnownFileType = text.plist.strings; name = th; path = th.lproj/Localizable.strings; sourceTree = "<group>"; };
		80C86846241FA7AD0030418F /* ar */ = {isa = PBXFileReference; lastKnownFileType = text.plist.strings; name = ar; path = ar.lproj/Localizable.strings; sourceTree = "<group>"; };
		80C86847241FA7B50030418F /* nl */ = {isa = PBXFileReference; lastKnownFileType = text.plist.strings; name = nl; path = nl.lproj/Localizable.strings; sourceTree = "<group>"; };
		80C86848241FA7BF0030418F /* tr */ = {isa = PBXFileReference; lastKnownFileType = text.plist.strings; name = tr; path = tr.lproj/Localizable.strings; sourceTree = "<group>"; };
		80C86849241FA7C70030418F /* ko */ = {isa = PBXFileReference; lastKnownFileType = text.plist.strings; name = ko; path = ko.lproj/Localizable.strings; sourceTree = "<group>"; };
		80C8684A241FA7CC0030418F /* ru */ = {isa = PBXFileReference; lastKnownFileType = text.plist.strings; name = ru; path = ru.lproj/Localizable.strings; sourceTree = "<group>"; };
		80C8684B241FA7D20030418F /* fr-CA */ = {isa = PBXFileReference; lastKnownFileType = text.plist.strings; name = "fr-CA"; path = "fr-CA.lproj/Localizable.strings"; sourceTree = "<group>"; };
		80C8684C241FA7D70030418F /* es-419 */ = {isa = PBXFileReference; lastKnownFileType = text.plist.strings; name = "es-419"; path = "es-419.lproj/Localizable.strings"; sourceTree = "<group>"; };
		80C8684D241FA7DC0030418F /* es */ = {isa = PBXFileReference; lastKnownFileType = text.plist.strings; name = es; path = es.lproj/Localizable.strings; sourceTree = "<group>"; };
		80C8684E241FA7E20030418F /* zh-HK */ = {isa = PBXFileReference; lastKnownFileType = text.plist.strings; name = "zh-HK"; path = "zh-HK.lproj/Localizable.strings"; sourceTree = "<group>"; };
		80C8684F241FA7E80030418F /* pt-PT */ = {isa = PBXFileReference; lastKnownFileType = text.plist.strings; name = "pt-PT"; path = "pt-PT.lproj/Localizable.strings"; sourceTree = "<group>"; };
		80C86850241FA7FF0030418F /* pt-BR */ = {isa = PBXFileReference; lastKnownFileType = text.plist.strings; name = "pt-BR"; path = "pt-BR.lproj/Localizable.strings"; sourceTree = "<group>"; };
		80C86851241FA8040030418F /* de */ = {isa = PBXFileReference; lastKnownFileType = text.plist.strings; name = de; path = de.lproj/Localizable.strings; sourceTree = "<group>"; };
		80C86852241FA8160030418F /* hu */ = {isa = PBXFileReference; lastKnownFileType = text.plist.strings; name = hu; path = hu.lproj/Localizable.strings; sourceTree = "<group>"; };
		80C86853241FA81C0030418F /* fr */ = {isa = PBXFileReference; lastKnownFileType = text.plist.strings; name = fr; path = fr.lproj/Localizable.strings; sourceTree = "<group>"; };
		80C86854241FA8270030418F /* zh-Hant */ = {isa = PBXFileReference; lastKnownFileType = text.plist.strings; name = "zh-Hant"; path = "zh-Hant.lproj/Localizable.strings"; sourceTree = "<group>"; };
		80C86855241FA82F0030418F /* zh-Hans */ = {isa = PBXFileReference; lastKnownFileType = text.plist.strings; name = "zh-Hans"; path = "zh-Hans.lproj/Localizable.strings"; sourceTree = "<group>"; };
		80C86856241FA8370030418F /* en */ = {isa = PBXFileReference; lastKnownFileType = text.plist.strings; name = en; path = en.lproj/Localizable.strings; sourceTree = "<group>"; };
		80C86857241FA83E0030418F /* it */ = {isa = PBXFileReference; lastKnownFileType = text.plist.strings; name = it; path = it.lproj/Localizable.strings; sourceTree = "<group>"; };
		80C86858241FA8440030418F /* ja */ = {isa = PBXFileReference; lastKnownFileType = text.plist.strings; name = ja; path = ja.lproj/Localizable.strings; sourceTree = "<group>"; };
		80C8685C241FA8B30030418F /* en */ = {isa = PBXFileReference; lastKnownFileType = text.plist.strings; name = en; path = en.lproj/Main.strings; sourceTree = "<group>"; };
		80C8685D241FA8B50030418F /* ar */ = {isa = PBXFileReference; lastKnownFileType = text.plist.strings; name = ar; path = ar.lproj/Main.strings; sourceTree = "<group>"; };
		80C8685E241FA8B80030418F /* zh-HK */ = {isa = PBXFileReference; lastKnownFileType = text.plist.strings; name = "zh-HK"; path = "zh-HK.lproj/Main.strings"; sourceTree = "<group>"; };
		80C8685F241FA8BB0030418F /* zh-Hans */ = {isa = PBXFileReference; lastKnownFileType = text.plist.strings; name = "zh-Hans"; path = "zh-Hans.lproj/Main.strings"; sourceTree = "<group>"; };
		80C86860241FA8BE0030418F /* zh-Hant */ = {isa = PBXFileReference; lastKnownFileType = text.plist.strings; name = "zh-Hant"; path = "zh-Hant.lproj/Main.strings"; sourceTree = "<group>"; };
		80C86861241FA8C00030418F /* da */ = {isa = PBXFileReference; lastKnownFileType = text.plist.strings; name = da; path = da.lproj/Main.strings; sourceTree = "<group>"; };
		80C86862241FA8C30030418F /* nl */ = {isa = PBXFileReference; lastKnownFileType = text.plist.strings; name = nl; path = nl.lproj/Main.strings; sourceTree = "<group>"; };
		80C86863241FA8C50030418F /* fi */ = {isa = PBXFileReference; lastKnownFileType = text.plist.strings; name = fi; path = fi.lproj/Main.strings; sourceTree = "<group>"; };
		80C86864241FA8C90030418F /* fr */ = {isa = PBXFileReference; lastKnownFileType = text.plist.strings; name = fr; path = fr.lproj/Main.strings; sourceTree = "<group>"; };
		80C86865241FA8CB0030418F /* fr-CA */ = {isa = PBXFileReference; lastKnownFileType = text.plist.strings; name = "fr-CA"; path = "fr-CA.lproj/Main.strings"; sourceTree = "<group>"; };
		80C86866241FA8CC0030418F /* de */ = {isa = PBXFileReference; lastKnownFileType = text.plist.strings; name = de; path = de.lproj/Main.strings; sourceTree = "<group>"; };
		80C86867241FA8CD0030418F /* hu */ = {isa = PBXFileReference; lastKnownFileType = text.plist.strings; name = hu; path = hu.lproj/Main.strings; sourceTree = "<group>"; };
		80C86868241FA8CF0030418F /* id */ = {isa = PBXFileReference; lastKnownFileType = text.plist.strings; name = id; path = id.lproj/Main.strings; sourceTree = "<group>"; };
		80C86869241FA8D00030418F /* it */ = {isa = PBXFileReference; lastKnownFileType = text.plist.strings; name = it; path = it.lproj/Main.strings; sourceTree = "<group>"; };
		80C8686A241FA8D10030418F /* ja */ = {isa = PBXFileReference; lastKnownFileType = text.plist.strings; name = ja; path = ja.lproj/Main.strings; sourceTree = "<group>"; };
		80C8686B241FA8D20030418F /* ko */ = {isa = PBXFileReference; lastKnownFileType = text.plist.strings; name = ko; path = ko.lproj/Main.strings; sourceTree = "<group>"; };
		80C8686D241FA8D30030418F /* ms */ = {isa = PBXFileReference; lastKnownFileType = text.plist.strings; name = ms; path = ms.lproj/Main.strings; sourceTree = "<group>"; };
		80C8686E241FA8D70030418F /* nb */ = {isa = PBXFileReference; lastKnownFileType = text.plist.strings; name = nb; path = nb.lproj/Main.strings; sourceTree = "<group>"; };
		80C8686F241FA8DA0030418F /* pl */ = {isa = PBXFileReference; lastKnownFileType = text.plist.strings; name = pl; path = pl.lproj/Main.strings; sourceTree = "<group>"; };
		80C86870241FA8DC0030418F /* pt-BR */ = {isa = PBXFileReference; lastKnownFileType = text.plist.strings; name = "pt-BR"; path = "pt-BR.lproj/Main.strings"; sourceTree = "<group>"; };
		80C86871241FA8DD0030418F /* pt-PT */ = {isa = PBXFileReference; lastKnownFileType = text.plist.strings; name = "pt-PT"; path = "pt-PT.lproj/Main.strings"; sourceTree = "<group>"; };
		80C86872241FA8DF0030418F /* ru */ = {isa = PBXFileReference; lastKnownFileType = text.plist.strings; name = ru; path = ru.lproj/Main.strings; sourceTree = "<group>"; };
		80C86873241FA8E00030418F /* es */ = {isa = PBXFileReference; lastKnownFileType = text.plist.strings; name = es; path = es.lproj/Main.strings; sourceTree = "<group>"; };
		80C86874241FA8E20030418F /* es-419 */ = {isa = PBXFileReference; lastKnownFileType = text.plist.strings; name = "es-419"; path = "es-419.lproj/Main.strings"; sourceTree = "<group>"; };
		80C86875241FA8E40030418F /* sv */ = {isa = PBXFileReference; lastKnownFileType = text.plist.strings; name = sv; path = sv.lproj/Main.strings; sourceTree = "<group>"; };
		80C86876241FA8E50030418F /* th */ = {isa = PBXFileReference; lastKnownFileType = text.plist.strings; name = th; path = th.lproj/Main.strings; sourceTree = "<group>"; };
		80C86877241FA8E70030418F /* tr */ = {isa = PBXFileReference; lastKnownFileType = text.plist.strings; name = tr; path = tr.lproj/Main.strings; sourceTree = "<group>"; };
		80C86878241FA8E80030418F /* vi */ = {isa = PBXFileReference; lastKnownFileType = text.plist.strings; name = vi; path = vi.lproj/Main.strings; sourceTree = "<group>"; };
		80C86879241FA8F30030418F /* ms */ = {isa = PBXFileReference; lastKnownFileType = text.plist.strings; name = ms; path = ms.lproj/Localizable.strings; sourceTree = "<group>"; };
		80CAB17C2419D0C900133B25 /* TranslatedCharacterCount.swift */ = {isa = PBXFileReference; lastKnownFileType = sourcecode.swift; path = TranslatedCharacterCount.swift; sourceTree = "<group>"; };
		80D844AB23F287BD003D0C8C /* SettingTableViewController.swift */ = {isa = PBXFileReference; lastKnownFileType = sourcecode.swift; path = SettingTableViewController.swift; sourceTree = "<group>"; };
		80DB054323EAABD9003DE94D /* SupportedLanguages.swift */ = {isa = PBXFileReference; lastKnownFileType = sourcecode.swift; path = SupportedLanguages.swift; sourceTree = "<group>"; };
		80FE80F424062CEE00CC70DF /* NoSelectTextView.swift */ = {isa = PBXFileReference; lastKnownFileType = sourcecode.swift; path = NoSelectTextView.swift; sourceTree = "<group>"; };
		C0D83EF7DF1C4FC6ADEB5FD1 /* amplifyxc.config */ = {isa = PBXFileReference; explicitFileType = undefined; fileEncoding = 9; includeInIndex = 0; lastKnownFileType = unknown; name = amplifyxc.config; path = ./amplifyxc.config; sourceTree = "<group>"; };
		CC0E7F64AD746A170BAF32D7 /* Pods-MultiTranslate.release.xcconfig */ = {isa = PBXFileReference; includeInIndex = 1; lastKnownFileType = text.xcconfig; name = "Pods-MultiTranslate.release.xcconfig"; path = "Target Support Files/Pods-MultiTranslate/Pods-MultiTranslate.release.xcconfig"; sourceTree = "<group>"; };
		EE9BFFEA60324C8A8DEE20CA /* amplify */ = {isa = PBXFileReference; explicitFileType = undefined; fileEncoding = 9; includeInIndex = 0; lastKnownFileType = unknown; name = amplify; path = ./amplify; sourceTree = "<group>"; };
		FA0368F9DF73C9350661AAA8 /* Pods_MultiTranslate.framework */ = {isa = PBXFileReference; explicitFileType = wrapper.framework; includeInIndex = 0; path = Pods_MultiTranslate.framework; sourceTree = BUILT_PRODUCTS_DIR; };
/* End PBXFileReference section */

/* Begin PBXFrameworksBuildPhase section */
		8052A1B123C2A24400883123 /* Frameworks */ = {
			isa = PBXFrameworksBuildPhase;
			buildActionMask = 2147483647;
			files = (
				8037C0CF23E1002800DD3B09 /* StoreKit.framework in Frameworks */,
				805733BB241BBCD40018C73F /* AdSupport.framework in Frameworks */,
				021058A83D2DED5A53886DAA /* Pods_MultiTranslate.framework in Frameworks */,
				8037C0CD23E0FBB000DD3B09 /* CloudKit.framework in Frameworks */,
			);
			runOnlyForDeploymentPostprocessing = 0;
		};
/* End PBXFrameworksBuildPhase section */

/* Begin PBXGroup section */
		66B09DD0287145E07C68CE29 /* Pods */ = {
			isa = PBXGroup;
			children = (
				1F63226C5F2648CDBB6CE5C9 /* Pods-MultiTranslate.debug.xcconfig */,
				CC0E7F64AD746A170BAF32D7 /* Pods-MultiTranslate.release.xcconfig */,
			);
			path = Pods;
			sourceTree = "<group>";
		};
		803E26A12408999100DF5DF6 /* PMAlertController */ = {
			isa = PBXGroup;
			children = (
				803E269B2408996A00DF5DF6 /* PMAlertAction.swift */,
				803E269C2408996A00DF5DF6 /* PMAlertController.swift */,
				803E269A2408996A00DF5DF6 /* PMAlertController.xib */,
			);
			name = PMAlertController;
			sourceTree = "<group>";
		};
		8052A1AB23C2A24400883123 = {
			isa = PBXGroup;
			children = (
				80C8683C241FA7670030418F /* Localizable.strings */,
				8052A1B623C2A24400883123 /* MultiTranslate */,
				8052A1B523C2A24400883123 /* Products */,
				66B09DD0287145E07C68CE29 /* Pods */,
				E41E6BBBF80C6EC88FE805E7 /* Frameworks */,
				C0D83EF7DF1C4FC6ADEB5FD1 /* amplifyxc.config */,
				7A32ED9C279B46E2913F1257 /* awsconfiguration.json */,
				09EFDA43BB77410DA9EAFA73 /* amplifyconfiguration.json */,
				EE9BFFEA60324C8A8DEE20CA /* amplify */,
			);
			sourceTree = "<group>";
		};
		8052A1B523C2A24400883123 /* Products */ = {
			isa = PBXGroup;
			children = (
				8052A1B423C2A24400883123 /* MultiTranslate.app */,
			);
			name = Products;
			sourceTree = "<group>";
		};
		8052A1B623C2A24400883123 /* MultiTranslate */ = {
			isa = PBXGroup;
			children = (
				8037C0CB23E0FBAA00DD3B09 /* MultiTranslate.entitlements */,
				8052A1B723C2A24400883123 /* AppDelegate.swift */,
				8052A1B923C2A24400883123 /* SceneDelegate.swift */,
				80C535C823C56A530044D6F0 /* Constants.swift */,
				80DB054323EAABD9003DE94D /* SupportedLanguages.swift */,
				8052A1E623C305FE00883123 /* Controller */,
				8052A1E523C305EB00883123 /* Model */,
				8052A1E423C305C100883123 /* View */,
				8052A1E723C3061600883123 /* Extension */,
				8052A1C023C2A24500883123 /* Assets.xcassets */,
				8052A1C223C2A24500883123 /* LaunchScreen.storyboard */,
				8052A1C523C2A24500883123 /* Info.plist */,
				805AB0D623DD9B1D00215415 /* GoogleService-Info.plist */,
			);
			path = MultiTranslate;
			sourceTree = "<group>";
		};
		8052A1E323C3059100883123 /* TranslationViewControllers */ = {
			isa = PBXGroup;
			children = (
				8052A1D723C2FD9600883123 /* TextTranslateViewController.swift */,
				8052A1D923C2FDA800883123 /* CameraTranslateViewController.swift */,
				8052A1DB23C2FDBF00883123 /* VoiceTranslateViewController.swift */,
				8003E2DA23CB24CD00268D35 /* ConversationTranslateViewController.swift */,
				8052A1DD23C2FDCB00883123 /* ARTranslateViewController.swift */,
				8052A1DF23C2FDE400883123 /* PDFTranslateViewController.swift */,
				8052A1E123C2FDF200883123 /* ImageTranslateViewController.swift */,
				808E75EE23C45F90009A0EB4 /* LanguagePickerViewController.swift */,
			);
			path = TranslationViewControllers;
			sourceTree = "<group>";
		};
		8052A1E423C305C100883123 /* View */ = {
			isa = PBXGroup;
			children = (
				8052A1BD23C2A24400883123 /* Main.storyboard */,
				8052A1CF23C2E03800883123 /* IconPagingCell.swift */,
				803A5DF723CFDB2F00AC4D12 /* ConversationCell.swift */,
				8078D1DA23D6C8A3007FAF85 /* SavedTranslationsTableViewCell.swift */,
				806482DE23F63387006BBDD5 /* FBLanguageTableViewCell.swift */,
				801CA5CA23FD183F00C5285C /* SubscritionPlanTableViewCell.swift */,
				80A403DC23FFA70800E84231 /* SwiftyInnerShadowLayer.swift */,
				80A403DB23FFA70800E84231 /* SwiftyInnerShadowView.swift */,
				80FE80F424062CEE00CC70DF /* NoSelectTextView.swift */,
			);
			path = View;
			sourceTree = "<group>";
		};
		8052A1E523C305EB00883123 /* Model */ = {
			isa = PBXGroup;
			children = (
				8052A1D523C2F65F00883123 /* IconItem.swift */,
				80BDB6A723CF3EDA00F81D40 /* Conversation.swift */,
				8078D1DC23D6EE61007FAF85 /* SavedTranslation.swift */,
				805AB0D423DD997800215415 /* InAppPurchaseProduct.swift */,
			);
			path = Model;
			sourceTree = "<group>";
		};
		8052A1E623C305FE00883123 /* Controller */ = {
			isa = PBXGroup;
			children = (
				8052A1CB23C2DCDC00883123 /* TranslationViewController.swift */,
				8078D1D823D6C71E007FAF85 /* SavedTranslationsTableViewController.swift */,
				803C9CD923DE578E00FCA145 /* AccountViewController.swift */,
				80D844AB23F287BD003D0C8C /* SettingTableViewController.swift */,
				806052EB23F5382700C58BC3 /* FBLanguageTableViewController.swift */,
				809455AF23E7E88A0056A501 /* PurchasePageViewController.swift */,
				80207717240F6C7C00F604E5 /* ARViewController.swift */,
				80207719240F6CEB00F604E5 /* Inceptionv3.mlmodel */,
				80A403D523FF650100E84231 /* AboutSubscriptionViewController.swift */,
				80A403D723FF652E00E84231 /* TermsOfUseViewController.swift */,
				80A403D923FF655400E84231 /* PrivacyPolicyViewController.swift */,
				80C535CA23C572CD0044D6F0 /* LanguagePickerDelegate.swift */,
				80293EED23C9C2C100E33096 /* SourceTextInputDelegate.swift */,
				8052A1E323C3059100883123 /* TranslationViewControllers */,
				80A7330F23C951C400438ED5 /* VoiceRecorderViewController.swift */,
				807AECB323D5665800EE2569 /* GoogleCloudTranslate.swift */,
				806052ED23F5550900C58BC3 /* FBOfflineTranslate.swift */,
				8014E75D23ED2C8C00793258 /* TranslateType.swift */,
				803C9CDB23DE6BEB00FCA145 /* InAppPurchaseManager.swift */,
				8037C0D023E1295D00DD3B09 /* CloudKitManager.swift */,
				805733BC241BC26C0018C73F /* ICloudUserIDProvider.swift */,
				80CAB17C2419D0C900133B25 /* TranslatedCharacterCount.swift */,
				807B489023C95C5200A588F3 /* MultiTranslate-Bridging-Header.h */,
				803E26A12408999100DF5DF6 /* PMAlertController */,
				807B489523C95C7900A588F3 /* SCSiriWaveformView */,
			);
			path = Controller;
			sourceTree = "<group>";
		};
		8052A1E723C3061600883123 /* Extension */ = {
			isa = PBXGroup;
			children = (
				8052A1CD23C2DFC000883123 /* Extensions.swift */,
				806482E023F6A7C5006BBDD5 /* NotificationNameExtension.swift */,
				808E75E823C43718009A0EB4 /* Stack.swift */,
				808E75EA23C43718009A0EB4 /* UIStackView+.swift */,
				808E75E923C43718009A0EB4 /* UIView+.swift */,
			);
			path = Extension;
			sourceTree = "<group>";
		};
		807B489523C95C7900A588F3 /* SCSiriWaveformView */ = {
			isa = PBXGroup;
			children = (
				807B489223C95C5200A588F3 /* SCSiriWaveformView.h */,
				807B489123C95C5200A588F3 /* SCSiriWaveformView.m */,
			);
			path = SCSiriWaveformView;
			sourceTree = "<group>";
		};
		E41E6BBBF80C6EC88FE805E7 /* Frameworks */ = {
			isa = PBXGroup;
			children = (
				805733BA241BBCD40018C73F /* AdSupport.framework */,
				8037C0CE23E1002800DD3B09 /* StoreKit.framework */,
				8037C0CC23E0FBB000DD3B09 /* CloudKit.framework */,
				FA0368F9DF73C9350661AAA8 /* Pods_MultiTranslate.framework */,
			);
			name = Frameworks;
			sourceTree = "<group>";
		};
/* End PBXGroup section */

/* Begin PBXNativeTarget section */
		8052A1B323C2A24400883123 /* MultiTranslate */ = {
			isa = PBXNativeTarget;
			buildConfigurationList = 8052A1C823C2A24500883123 /* Build configuration list for PBXNativeTarget "MultiTranslate" */;
			buildPhases = (
				862D3B0053F6A947D012FF11 /* [CP] Check Pods Manifest.lock */,
				8052A1B023C2A24400883123 /* Sources */,
				8052A1B123C2A24400883123 /* Frameworks */,
				8052A1B223C2A24400883123 /* Resources */,
				5A42BF262F1EF444C8F78B6D /* [CP] Embed Pods Frameworks */,
				280B70A8647B994ED8BDA22B /* [CP] Copy Pods Resources */,
				80B7DB702417928500BE2217 /* Run SwiftLint */,
			);
			buildRules = (
			);
			dependencies = (
			);
			name = MultiTranslate;
			productName = MultiTranslate;
			productReference = 8052A1B423C2A24400883123 /* MultiTranslate.app */;
			productType = "com.apple.product-type.application";
		};
/* End PBXNativeTarget section */

/* Begin PBXProject section */
		8052A1AC23C2A24400883123 /* Project object */ = {
			isa = PBXProject;
			attributes = {
				LastSwiftUpdateCheck = 1130;
				LastUpgradeCheck = 1130;
				ORGANIZATIONNAME = "Keishin CHOU";
				TargetAttributes = {
					8052A1B323C2A24400883123 = {
						CreatedOnToolsVersion = 11.3;
						LastSwiftMigration = 1130;
					};
				};
			};
			buildConfigurationList = 8052A1AF23C2A24400883123 /* Build configuration list for PBXProject "MultiTranslate" */;
			compatibilityVersion = "Xcode 9.3";
			developmentRegion = en;
			hasScannedForEncodings = 0;
			knownRegions = (
				en,
				Base,
				fr,
				ms,
				id,
				fi,
				pl,
				nb,
				vi,
				da,
				sv,
				th,
				ar,
				nl,
				tr,
				ko,
				ru,
				"fr-CA",
				"es-419",
				es,
				"zh-HK",
				"pt-PT",
				"pt-BR",
				de,
				hu,
				"zh-Hant",
				"zh-Hans",
				it,
				ja,
			);
			mainGroup = 8052A1AB23C2A24400883123;
			productRefGroup = 8052A1B523C2A24400883123 /* Products */;
			projectDirPath = "";
			projectRoot = "";
			targets = (
				8052A1B323C2A24400883123 /* MultiTranslate */,
			);
		};
/* End PBXProject section */

/* Begin PBXResourcesBuildPhase section */
		8052A1B223C2A24400883123 /* Resources */ = {
			isa = PBXResourcesBuildPhase;
			buildActionMask = 2147483647;
			files = (
				8052A1C423C2A24500883123 /* LaunchScreen.storyboard in Resources */,
				8052A1C123C2A24500883123 /* Assets.xcassets in Resources */,
				803E269D2408996A00DF5DF6 /* PMAlertController.xib in Resources */,
				8052A1BF23C2A24400883123 /* Main.storyboard in Resources */,
				80C8683E241FA7680030418F /* Localizable.strings in Resources */,
				CB5C3A3FE63745719E73ED9A /* awsconfiguration.json in Resources */,
				0527CE27504C48AA82D2AB57 /* amplifyconfiguration.json in Resources */,
				805AB0D723DD9B1D00215415 /* GoogleService-Info.plist in Resources */,
			);
			runOnlyForDeploymentPostprocessing = 0;
		};
/* End PBXResourcesBuildPhase section */

/* Begin PBXShellScriptBuildPhase section */
		280B70A8647B994ED8BDA22B /* [CP] Copy Pods Resources */ = {
			isa = PBXShellScriptBuildPhase;
			buildActionMask = 2147483647;
			files = (
			);
			inputFileListPaths = (
				"${PODS_ROOT}/Target Support Files/Pods-MultiTranslate/Pods-MultiTranslate-resources-${CONFIGURATION}-input-files.xcfilelist",
			);
			name = "[CP] Copy Pods Resources";
			outputFileListPaths = (
				"${PODS_ROOT}/Target Support Files/Pods-MultiTranslate/Pods-MultiTranslate-resources-${CONFIGURATION}-output-files.xcfilelist",
			);
			runOnlyForDeploymentPostprocessing = 0;
			shellPath = /bin/sh;
			shellScript = "\"${PODS_ROOT}/Target Support Files/Pods-MultiTranslate/Pods-MultiTranslate-resources.sh\"\n";
			showEnvVarsInLog = 0;
		};
		5A42BF262F1EF444C8F78B6D /* [CP] Embed Pods Frameworks */ = {
			isa = PBXShellScriptBuildPhase;
			buildActionMask = 2147483647;
			files = (
			);
			inputFileListPaths = (
				"${PODS_ROOT}/Target Support Files/Pods-MultiTranslate/Pods-MultiTranslate-frameworks-${CONFIGURATION}-input-files.xcfilelist",
			);
			name = "[CP] Embed Pods Frameworks";
			outputFileListPaths = (
				"${PODS_ROOT}/Target Support Files/Pods-MultiTranslate/Pods-MultiTranslate-frameworks-${CONFIGURATION}-output-files.xcfilelist",
			);
			runOnlyForDeploymentPostprocessing = 0;
			shellPath = /bin/sh;
			shellScript = "\"${PODS_ROOT}/Target Support Files/Pods-MultiTranslate/Pods-MultiTranslate-frameworks.sh\"\n";
			showEnvVarsInLog = 0;
		};
		80B7DB702417928500BE2217 /* Run SwiftLint */ = {
			isa = PBXShellScriptBuildPhase;
			buildActionMask = 2147483647;
			files = (
			);
			inputFileListPaths = (
			);
			inputPaths = (
			);
			name = "Run SwiftLint";
			outputFileListPaths = (
			);
			outputPaths = (
			);
			runOnlyForDeploymentPostprocessing = 0;
			shellPath = /bin/sh;
			shellScript = "if which swiftlint >/dev/null; then\n  swiftlint\nelse\n  echo \"warning: SwiftLint not installed, download from https://github.com/realm/SwiftLint\"\nfi\n";
		};
		862D3B0053F6A947D012FF11 /* [CP] Check Pods Manifest.lock */ = {
			isa = PBXShellScriptBuildPhase;
			buildActionMask = 2147483647;
			files = (
			);
			inputFileListPaths = (
			);
			inputPaths = (
				"${PODS_PODFILE_DIR_PATH}/Podfile.lock",
				"${PODS_ROOT}/Manifest.lock",
			);
			name = "[CP] Check Pods Manifest.lock";
			outputFileListPaths = (
			);
			outputPaths = (
				"$(DERIVED_FILE_DIR)/Pods-MultiTranslate-checkManifestLockResult.txt",
			);
			runOnlyForDeploymentPostprocessing = 0;
			shellPath = /bin/sh;
			shellScript = "diff \"${PODS_PODFILE_DIR_PATH}/Podfile.lock\" \"${PODS_ROOT}/Manifest.lock\" > /dev/null\nif [ $? != 0 ] ; then\n    # print error to STDERR\n    echo \"error: The sandbox is not in sync with the Podfile.lock. Run 'pod install' or update your CocoaPods installation.\" >&2\n    exit 1\nfi\n# This output is used by Xcode 'outputs' to avoid re-running this script phase.\necho \"SUCCESS\" > \"${SCRIPT_OUTPUT_FILE_0}\"\n";
			showEnvVarsInLog = 0;
		};
/* End PBXShellScriptBuildPhase section */

/* Begin PBXSourcesBuildPhase section */
		8052A1B023C2A24400883123 /* Sources */ = {
			isa = PBXSourcesBuildPhase;
			buildActionMask = 2147483647;
			files = (
				80207718240F6C7C00F604E5 /* ARViewController.swift in Sources */,
				807AECB423D5665800EE2569 /* GoogleCloudTranslate.swift in Sources */,
				803E269E2408996A00DF5DF6 /* PMAlertAction.swift in Sources */,
				80BDB6A823CF3EDA00F81D40 /* Conversation.swift in Sources */,
				8052A1CC23C2DCDC00883123 /* TranslationViewController.swift in Sources */,
				80C535C923C56A530044D6F0 /* Constants.swift in Sources */,
				806052EE23F5550900C58BC3 /* FBOfflineTranslate.swift in Sources */,
				808E75EB23C43718009A0EB4 /* Stack.swift in Sources */,
				808E75EC23C43718009A0EB4 /* UIView+.swift in Sources */,
				80A403D623FF650100E84231 /* AboutSubscriptionViewController.swift in Sources */,
				8020771A240F6CEB00F604E5 /* Inceptionv3.mlmodel in Sources */,
				803C9CDC23DE6BEB00FCA145 /* InAppPurchaseManager.swift in Sources */,
				80A403DD23FFA70800E84231 /* SwiftyInnerShadowView.swift in Sources */,
				8052A1D023C2E03800883123 /* IconPagingCell.swift in Sources */,
				8078D1DD23D6EE61007FAF85 /* SavedTranslation.swift in Sources */,
				8052A1D823C2FD9600883123 /* TextTranslateViewController.swift in Sources */,
				8037C0D123E1295D00DD3B09 /* CloudKitManager.swift in Sources */,
				8014E75E23ED2C8C00793258 /* TranslateType.swift in Sources */,
				8052A1B823C2A24400883123 /* AppDelegate.swift in Sources */,
				8052A1E023C2FDE400883123 /* PDFTranslateViewController.swift in Sources */,
				8052A1BA23C2A24400883123 /* SceneDelegate.swift in Sources */,
				80CAB17D2419D0C900133B25 /* TranslatedCharacterCount.swift in Sources */,
				8052A1E223C2FDF200883123 /* ImageTranslateViewController.swift in Sources */,
				80C535CB23C572CD0044D6F0 /* LanguagePickerDelegate.swift in Sources */,
				801CA5CB23FD183F00C5285C /* SubscritionPlanTableViewCell.swift in Sources */,
				805AB0D523DD997800215415 /* InAppPurchaseProduct.swift in Sources */,
				8052A1DA23C2FDA800883123 /* CameraTranslateViewController.swift in Sources */,
				809455B023E7E88A0056A501 /* PurchasePageViewController.swift in Sources */,
				80FE80F524062CEE00CC70DF /* NoSelectTextView.swift in Sources */,
				80A403DA23FF655400E84231 /* PrivacyPolicyViewController.swift in Sources */,
				808E75ED23C43718009A0EB4 /* UIStackView+.swift in Sources */,
				8052A1DC23C2FDBF00883123 /* VoiceTranslateViewController.swift in Sources */,
				8003E2DB23CB24CD00268D35 /* ConversationTranslateViewController.swift in Sources */,
				807B489323C95C5200A588F3 /* SCSiriWaveformView.m in Sources */,
				80D844AC23F287BD003D0C8C /* SettingTableViewController.swift in Sources */,
				8078D1DB23D6C8A3007FAF85 /* SavedTranslationsTableViewCell.swift in Sources */,
				80DB054423EAABD9003DE94D /* SupportedLanguages.swift in Sources */,
				8052A1CE23C2DFC000883123 /* Extensions.swift in Sources */,
				80A403D823FF652E00E84231 /* TermsOfUseViewController.swift in Sources */,
				8078D1D923D6C71E007FAF85 /* SavedTranslationsTableViewController.swift in Sources */,
				80A7331023C951C400438ED5 /* VoiceRecorderViewController.swift in Sources */,
				8052A1D623C2F65F00883123 /* IconItem.swift in Sources */,
				806052EC23F5382700C58BC3 /* FBLanguageTableViewController.swift in Sources */,
				803A5DF823CFDB2F00AC4D12 /* ConversationCell.swift in Sources */,
				803C9CDA23DE578E00FCA145 /* AccountViewController.swift in Sources */,
				80A403DE23FFA70800E84231 /* SwiftyInnerShadowLayer.swift in Sources */,
				808E75EF23C45F90009A0EB4 /* LanguagePickerViewController.swift in Sources */,
				805733BD241BC26C0018C73F /* ICloudUserIDProvider.swift in Sources */,
				806482DF23F63387006BBDD5 /* FBLanguageTableViewCell.swift in Sources */,
				803E269F2408996A00DF5DF6 /* PMAlertController.swift in Sources */,
				8052A1DE23C2FDCB00883123 /* ARTranslateViewController.swift in Sources */,
				80293EEE23C9C2C100E33096 /* SourceTextInputDelegate.swift in Sources */,
				806482E123F6A7C5006BBDD5 /* NotificationNameExtension.swift in Sources */,
			);
			runOnlyForDeploymentPostprocessing = 0;
		};
/* End PBXSourcesBuildPhase section */

/* Begin PBXVariantGroup section */
		8052A1BD23C2A24400883123 /* Main.storyboard */ = {
			isa = PBXVariantGroup;
			children = (
				8052A1BE23C2A24400883123 /* Base */,
				80C8685C241FA8B30030418F /* en */,
				80C8685D241FA8B50030418F /* ar */,
				80C8685E241FA8B80030418F /* zh-HK */,
				80C8685F241FA8BB0030418F /* zh-Hans */,
				80C86860241FA8BE0030418F /* zh-Hant */,
				80C86861241FA8C00030418F /* da */,
				80C86862241FA8C30030418F /* nl */,
				80C86863241FA8C50030418F /* fi */,
				80C86864241FA8C90030418F /* fr */,
				80C86865241FA8CB0030418F /* fr-CA */,
				80C86866241FA8CC0030418F /* de */,
				80C86867241FA8CD0030418F /* hu */,
				80C86868241FA8CF0030418F /* id */,
				80C86869241FA8D00030418F /* it */,
				80C8686A241FA8D10030418F /* ja */,
				80C8686B241FA8D20030418F /* ko */,
				80C8686D241FA8D30030418F /* ms */,
				80C8686E241FA8D70030418F /* nb */,
				80C8686F241FA8DA0030418F /* pl */,
				80C86870241FA8DC0030418F /* pt-BR */,
				80C86871241FA8DD0030418F /* pt-PT */,
				80C86872241FA8DF0030418F /* ru */,
				80C86873241FA8E00030418F /* es */,
				80C86874241FA8E20030418F /* es-419 */,
				80C86875241FA8E40030418F /* sv */,
				80C86876241FA8E50030418F /* th */,
				80C86877241FA8E70030418F /* tr */,
				80C86878241FA8E80030418F /* vi */,
			);
			name = Main.storyboard;
			sourceTree = "<group>";
		};
		8052A1C223C2A24500883123 /* LaunchScreen.storyboard */ = {
			isa = PBXVariantGroup;
			children = (
				8052A1C323C2A24500883123 /* Base */,
			);
			name = LaunchScreen.storyboard;
			sourceTree = "<group>";
		};
		80C8683C241FA7670030418F /* Localizable.strings */ = {
			isa = PBXVariantGroup;
			children = (
				80C8683D241FA7670030418F /* id */,
				80C8683F241FA7820030418F /* fi */,
				80C86840241FA7870030418F /* pl */,
				80C86841241FA78E0030418F /* nb */,
				80C86842241FA7960030418F /* vi */,
				80C86843241FA79B0030418F /* da */,
				80C86844241FA7A30030418F /* sv */,
				80C86845241FA7A80030418F /* th */,
				80C86846241FA7AD0030418F /* ar */,
				80C86847241FA7B50030418F /* nl */,
				80C86848241FA7BF0030418F /* tr */,
				80C86849241FA7C70030418F /* ko */,
				80C8684A241FA7CC0030418F /* ru */,
				80C8684B241FA7D20030418F /* fr-CA */,
				80C8684C241FA7D70030418F /* es-419 */,
				80C8684D241FA7DC0030418F /* es */,
				80C8684E241FA7E20030418F /* zh-HK */,
				80C8684F241FA7E80030418F /* pt-PT */,
				80C86850241FA7FF0030418F /* pt-BR */,
				80C86851241FA8040030418F /* de */,
				80C86852241FA8160030418F /* hu */,
				80C86853241FA81C0030418F /* fr */,
				80C86854241FA8270030418F /* zh-Hant */,
				80C86855241FA82F0030418F /* zh-Hans */,
				80C86856241FA8370030418F /* en */,
				80C86857241FA83E0030418F /* it */,
				80C86858241FA8440030418F /* ja */,
				80C86879241FA8F30030418F /* ms */,
			);
			name = Localizable.strings;
			sourceTree = "<group>";
		};
/* End PBXVariantGroup section */

/* Begin XCBuildConfiguration section */
		8052A1C623C2A24500883123 /* Debug */ = {
			isa = XCBuildConfiguration;
			buildSettings = {
				ALWAYS_SEARCH_USER_PATHS = NO;
				CLANG_ANALYZER_LOCALIZABILITY_NONLOCALIZED = YES;
				CLANG_ANALYZER_NONNULL = YES;
				CLANG_ANALYZER_NUMBER_OBJECT_CONVERSION = YES_AGGRESSIVE;
				CLANG_CXX_LANGUAGE_STANDARD = "gnu++14";
				CLANG_CXX_LIBRARY = "libc++";
				CLANG_ENABLE_MODULES = YES;
				CLANG_ENABLE_OBJC_ARC = YES;
				CLANG_ENABLE_OBJC_WEAK = YES;
				CLANG_WARN_BLOCK_CAPTURE_AUTORELEASING = YES;
				CLANG_WARN_BOOL_CONVERSION = YES;
				CLANG_WARN_COMMA = YES;
				CLANG_WARN_CONSTANT_CONVERSION = YES;
				CLANG_WARN_DEPRECATED_OBJC_IMPLEMENTATIONS = YES;
				CLANG_WARN_DIRECT_OBJC_ISA_USAGE = YES_ERROR;
				CLANG_WARN_DOCUMENTATION_COMMENTS = YES;
				CLANG_WARN_EMPTY_BODY = YES;
				CLANG_WARN_ENUM_CONVERSION = YES;
				CLANG_WARN_INFINITE_RECURSION = YES;
				CLANG_WARN_INT_CONVERSION = YES;
				CLANG_WARN_NON_LITERAL_NULL_CONVERSION = YES;
				CLANG_WARN_OBJC_IMPLICIT_RETAIN_SELF = YES;
				CLANG_WARN_OBJC_LITERAL_CONVERSION = YES;
				CLANG_WARN_OBJC_ROOT_CLASS = YES_ERROR;
				CLANG_WARN_RANGE_LOOP_ANALYSIS = YES;
				CLANG_WARN_STRICT_PROTOTYPES = YES;
				CLANG_WARN_SUSPICIOUS_MOVE = YES;
				CLANG_WARN_UNGUARDED_AVAILABILITY = YES_AGGRESSIVE;
				CLANG_WARN_UNREACHABLE_CODE = YES;
				CLANG_WARN__DUPLICATE_METHOD_MATCH = YES;
				COPY_PHASE_STRIP = NO;
				DEBUG_INFORMATION_FORMAT = dwarf;
				ENABLE_STRICT_OBJC_MSGSEND = YES;
				ENABLE_TESTABILITY = YES;
				GCC_C_LANGUAGE_STANDARD = gnu11;
				GCC_DYNAMIC_NO_PIC = NO;
				GCC_NO_COMMON_BLOCKS = YES;
				GCC_OPTIMIZATION_LEVEL = 0;
				GCC_PREPROCESSOR_DEFINITIONS = (
					"DEBUG=1",
					"$(inherited)",
				);
				GCC_WARN_64_TO_32_BIT_CONVERSION = YES;
				GCC_WARN_ABOUT_RETURN_TYPE = YES_ERROR;
				GCC_WARN_UNDECLARED_SELECTOR = YES;
				GCC_WARN_UNINITIALIZED_AUTOS = YES_AGGRESSIVE;
				GCC_WARN_UNUSED_FUNCTION = YES;
				GCC_WARN_UNUSED_VARIABLE = YES;
				IPHONEOS_DEPLOYMENT_TARGET = 13.2;
				MTL_ENABLE_DEBUG_INFO = INCLUDE_SOURCE;
				MTL_FAST_MATH = YES;
				ONLY_ACTIVE_ARCH = YES;
				SDKROOT = iphoneos;
				SWIFT_ACTIVE_COMPILATION_CONDITIONS = DEBUG;
				SWIFT_OPTIMIZATION_LEVEL = "-Onone";
			};
			name = Debug;
		};
		8052A1C723C2A24500883123 /* Release */ = {
			isa = XCBuildConfiguration;
			buildSettings = {
				ALWAYS_SEARCH_USER_PATHS = NO;
				CLANG_ANALYZER_LOCALIZABILITY_NONLOCALIZED = YES;
				CLANG_ANALYZER_NONNULL = YES;
				CLANG_ANALYZER_NUMBER_OBJECT_CONVERSION = YES_AGGRESSIVE;
				CLANG_CXX_LANGUAGE_STANDARD = "gnu++14";
				CLANG_CXX_LIBRARY = "libc++";
				CLANG_ENABLE_MODULES = YES;
				CLANG_ENABLE_OBJC_ARC = YES;
				CLANG_ENABLE_OBJC_WEAK = YES;
				CLANG_WARN_BLOCK_CAPTURE_AUTORELEASING = YES;
				CLANG_WARN_BOOL_CONVERSION = YES;
				CLANG_WARN_COMMA = YES;
				CLANG_WARN_CONSTANT_CONVERSION = YES;
				CLANG_WARN_DEPRECATED_OBJC_IMPLEMENTATIONS = YES;
				CLANG_WARN_DIRECT_OBJC_ISA_USAGE = YES_ERROR;
				CLANG_WARN_DOCUMENTATION_COMMENTS = YES;
				CLANG_WARN_EMPTY_BODY = YES;
				CLANG_WARN_ENUM_CONVERSION = YES;
				CLANG_WARN_INFINITE_RECURSION = YES;
				CLANG_WARN_INT_CONVERSION = YES;
				CLANG_WARN_NON_LITERAL_NULL_CONVERSION = YES;
				CLANG_WARN_OBJC_IMPLICIT_RETAIN_SELF = YES;
				CLANG_WARN_OBJC_LITERAL_CONVERSION = YES;
				CLANG_WARN_OBJC_ROOT_CLASS = YES_ERROR;
				CLANG_WARN_RANGE_LOOP_ANALYSIS = YES;
				CLANG_WARN_STRICT_PROTOTYPES = YES;
				CLANG_WARN_SUSPICIOUS_MOVE = YES;
				CLANG_WARN_UNGUARDED_AVAILABILITY = YES_AGGRESSIVE;
				CLANG_WARN_UNREACHABLE_CODE = YES;
				CLANG_WARN__DUPLICATE_METHOD_MATCH = YES;
				COPY_PHASE_STRIP = NO;
				DEBUG_INFORMATION_FORMAT = "dwarf-with-dsym";
				ENABLE_NS_ASSERTIONS = NO;
				ENABLE_STRICT_OBJC_MSGSEND = YES;
				GCC_C_LANGUAGE_STANDARD = gnu11;
				GCC_NO_COMMON_BLOCKS = YES;
				GCC_WARN_64_TO_32_BIT_CONVERSION = YES;
				GCC_WARN_ABOUT_RETURN_TYPE = YES_ERROR;
				GCC_WARN_UNDECLARED_SELECTOR = YES;
				GCC_WARN_UNINITIALIZED_AUTOS = YES_AGGRESSIVE;
				GCC_WARN_UNUSED_FUNCTION = YES;
				GCC_WARN_UNUSED_VARIABLE = YES;
				IPHONEOS_DEPLOYMENT_TARGET = 13.2;
				MTL_ENABLE_DEBUG_INFO = NO;
				MTL_FAST_MATH = YES;
				SDKROOT = iphoneos;
				SWIFT_COMPILATION_MODE = wholemodule;
				SWIFT_OPTIMIZATION_LEVEL = "-O";
				VALIDATE_PRODUCT = YES;
			};
			name = Release;
		};
		8052A1C923C2A24500883123 /* Debug */ = {
			isa = XCBuildConfiguration;
			baseConfigurationReference = 1F63226C5F2648CDBB6CE5C9 /* Pods-MultiTranslate.debug.xcconfig */;
			buildSettings = {
				ASSETCATALOG_COMPILER_APPICON_NAME = AppIcon;
				CLANG_ENABLE_MODULES = YES;
				CODE_SIGN_ENTITLEMENTS = MultiTranslate/MultiTranslate.entitlements;
				CODE_SIGN_STYLE = Automatic;
				DEVELOPMENT_TEAM = VR8K5GN7PS;
				INFOPLIST_FILE = MultiTranslate/Info.plist;
				LD_RUNPATH_SEARCH_PATHS = (
					"$(inherited)",
					"@executable_path/Frameworks",
				);
				PRODUCT_BUNDLE_IDENTIFIER = com.SwiftProject.Keishin.MultiTranslate;
				PRODUCT_NAME = "$(TARGET_NAME)";
				SWIFT_OBJC_BRIDGING_HEADER = "MultiTranslate/Controller/MultiTranslate-Bridging-Header.h";
				SWIFT_OPTIMIZATION_LEVEL = "-Onone";
				SWIFT_VERSION = 5.0;
				TARGETED_DEVICE_FAMILY = "1,2";
			};
			name = Debug;
		};
		8052A1CA23C2A24500883123 /* Release */ = {
			isa = XCBuildConfiguration;
			baseConfigurationReference = CC0E7F64AD746A170BAF32D7 /* Pods-MultiTranslate.release.xcconfig */;
			buildSettings = {
				ASSETCATALOG_COMPILER_APPICON_NAME = AppIcon;
				CLANG_ENABLE_MODULES = YES;
				CODE_SIGN_ENTITLEMENTS = MultiTranslate/MultiTranslate.entitlements;
				CODE_SIGN_STYLE = Automatic;
				DEVELOPMENT_TEAM = VR8K5GN7PS;
				INFOPLIST_FILE = MultiTranslate/Info.plist;
				LD_RUNPATH_SEARCH_PATHS = (
					"$(inherited)",
					"@executable_path/Frameworks",
				);
				PRODUCT_BUNDLE_IDENTIFIER = com.SwiftProject.Keishin.MultiTranslate;
				PRODUCT_NAME = "$(TARGET_NAME)";
				SWIFT_OBJC_BRIDGING_HEADER = "MultiTranslate/Controller/MultiTranslate-Bridging-Header.h";
				SWIFT_VERSION = 5.0;
				TARGETED_DEVICE_FAMILY = "1,2";
			};
			name = Release;
		};
/* End XCBuildConfiguration section */

/* Begin XCConfigurationList section */
		8052A1AF23C2A24400883123 /* Build configuration list for PBXProject "MultiTranslate" */ = {
			isa = XCConfigurationList;
			buildConfigurations = (
				8052A1C623C2A24500883123 /* Debug */,
				8052A1C723C2A24500883123 /* Release */,
			);
			defaultConfigurationIsVisible = 0;
			defaultConfigurationName = Release;
		};
		8052A1C823C2A24500883123 /* Build configuration list for PBXNativeTarget "MultiTranslate" */ = {
			isa = XCConfigurationList;
			buildConfigurations = (
				8052A1C923C2A24500883123 /* Debug */,
				8052A1CA23C2A24500883123 /* Release */,
			);
			defaultConfigurationIsVisible = 0;
			defaultConfigurationName = Release;
		};
/* End XCConfigurationList section */
	};
	rootObject = 8052A1AC23C2A24400883123 /* Project object */;
}
